// !$*UTF8*$!
{
	archiveVersion = 1;
	classes = {
	};
	objectVersion = 46;
	objects = {

/* Begin PBXBuildFile section */
		1860B44A17C4B85400E7DD02 /* UIKit.framework in Frameworks */ = {isa = PBXBuildFile; fileRef = 1860B44917C4B85400E7DD02 /* UIKit.framework */; };
		1860B44C17C4B85400E7DD02 /* Foundation.framework in Frameworks */ = {isa = PBXBuildFile; fileRef = 1860B44B17C4B85400E7DD02 /* Foundation.framework */; };
		1860B44E17C4B85400E7DD02 /* CoreGraphics.framework in Frameworks */ = {isa = PBXBuildFile; fileRef = 1860B44D17C4B85400E7DD02 /* CoreGraphics.framework */; };
		1860B45417C4B85400E7DD02 /* InfoPlist.strings in Resources */ = {isa = PBXBuildFile; fileRef = 1860B45217C4B85400E7DD02 /* InfoPlist.strings */; };
		1860B45617C4B85400E7DD02 /* main.m in Sources */ = {isa = PBXBuildFile; fileRef = 1860B45517C4B85400E7DD02 /* main.m */; };
		1860B45A17C4B85400E7DD02 /* AppDelegate.m in Sources */ = {isa = PBXBuildFile; fileRef = 1860B45917C4B85400E7DD02 /* AppDelegate.m */; };
		1860B45C17C4B85400E7DD02 /* Default.png in Resources */ = {isa = PBXBuildFile; fileRef = 1860B45B17C4B85400E7DD02 /* Default.png */; };
		1860B45E17C4B85400E7DD02 /* Default@2x.png in Resources */ = {isa = PBXBuildFile; fileRef = 1860B45D17C4B85400E7DD02 /* Default@2x.png */; };
		1860B46017C4B85400E7DD02 /* Default-568h@2x.png in Resources */ = {isa = PBXBuildFile; fileRef = 1860B45F17C4B85400E7DD02 /* Default-568h@2x.png */; };
		1860B46617C4B85400E7DD02 /* ViewController.xib in Resources */ = {isa = PBXBuildFile; fileRef = 1860B46417C4B85400E7DD02 /* ViewController.xib */; };
		1860B46E17C4B87300E7DD02 /* ViewController.m in Sources */ = {isa = PBXBuildFile; fileRef = 1860B46D17C4B87300E7DD02 /* ViewController.m */; };
		1860B47017C4B87C00E7DD02 /* 批阅作业111.png in Resources */ = {isa = PBXBuildFile; fileRef = 1860B46F17C4B87C00E7DD02 /* 批阅作业111.png */; };
/* End PBXBuildFile section */

/* Begin PBXFileReference section */
		1860B44617C4B85400E7DD02 /* TestGestureRecognizer.app */ = {isa = PBXFileReference; explicitFileType = wrapper.application; includeInIndex = 0; path = TestGestureRecognizer.app; sourceTree = BUILT_PRODUCTS_DIR; };
		1860B44917C4B85400E7DD02 /* UIKit.framework */ = {isa = PBXFileReference; lastKnownFileType = wrapper.framework; name = UIKit.framework; path = System/Library/Frameworks/UIKit.framework; sourceTree = SDKROOT; };
		1860B44B17C4B85400E7DD02 /* Foundation.framework */ = {isa = PBXFileReference; lastKnownFileType = wrapper.framework; name = Foundation.framework; path = System/Library/Frameworks/Foundation.framework; sourceTree = SDKROOT; };
		1860B44D17C4B85400E7DD02 /* CoreGraphics.framework */ = {isa = PBXFileReference; lastKnownFileType = wrapper.framework; name = CoreGraphics.framework; path = System/Library/Frameworks/CoreGraphics.framework; sourceTree = SDKROOT; };
		1860B45117C4B85400E7DD02 /* TestGestureRecognizer-Info.plist */ = {isa = PBXFileReference; lastKnownFileType = text.plist.xml; path = "TestGestureRecognizer-Info.plist"; sourceTree = "<group>"; };
		1860B45317C4B85400E7DD02 /* en */ = {isa = PBXFileReference; lastKnownFileType = text.plist.strings; name = en; path = en.lproj/InfoPlist.strings; sourceTree = "<group>"; };
		1860B45517C4B85400E7DD02 /* main.m */ = {isa = PBXFileReference; lastKnownFileType = sourcecode.c.objc; path = main.m; sourceTree = "<group>"; };
		1860B45717C4B85400E7DD02 /* TestGestureRecognizer-Prefix.pch */ = {isa = PBXFileReference; lastKnownFileType = sourcecode.c.h; path = "TestGestureRecognizer-Prefix.pch"; sourceTree = "<group>"; };
		1860B45817C4B85400E7DD02 /* AppDelegate.h */ = {isa = PBXFileReference; lastKnownFileType = sourcecode.c.h; path = AppDelegate.h; sourceTree = "<group>"; };
		1860B45917C4B85400E7DD02 /* AppDelegate.m */ = {isa = PBXFileReference; lastKnownFileType = sourcecode.c.objc; path = AppDelegate.m; sourceTree = "<group>"; };
		1860B45B17C4B85400E7DD02 /* Default.png */ = {isa = PBXFileReference; lastKnownFileType = image.png; path = Default.png; sourceTree = "<group>"; };
		1860B45D17C4B85400E7DD02 /* Default@2x.png */ = {isa = PBXFileReference; lastKnownFileType = image.png; path = "Default@2x.png"; sourceTree = "<group>"; };
		1860B45F17C4B85400E7DD02 /* Default-568h@2x.png */ = {isa = PBXFileReference; lastKnownFileType = image.png; path = "Default-568h@2x.png"; sourceTree = "<group>"; };
		1860B46517C4B85400E7DD02 /* en */ = {isa = PBXFileReference; lastKnownFileType = file.xib; name = en; path = en.lproj/ViewController.xib; sourceTree = "<group>"; };
		1860B46C17C4B87300E7DD02 /* ViewController.h */ = {isa = PBXFileReference; fileEncoding = 4; lastKnownFileType = sourcecode.c.h; path = ViewController.h; sourceTree = "<group>"; };
		1860B46D17C4B87300E7DD02 /* ViewController.m */ = {isa = PBXFileReference; fileEncoding = 4; lastKnownFileType = sourcecode.c.objc; path = ViewController.m; sourceTree = "<group>"; };
		1860B46F17C4B87C00E7DD02 /* 批阅作业111.png */ = {isa = PBXFileReference; lastKnownFileType = image.png; path = "批阅作业111.png"; sourceTree = "<group>"; };
/* End PBXFileReference section */

/* Begin PBXFrameworksBuildPhase section */
		1860B44317C4B85400E7DD02 /* Frameworks */ = {
			isa = PBXFrameworksBuildPhase;
			buildActionMask = 2147483647;
			files = (
				1860B44A17C4B85400E7DD02 /* UIKit.framework in Frameworks */,
				1860B44C17C4B85400E7DD02 /* Foundation.framework in Frameworks */,
				1860B44E17C4B85400E7DD02 /* CoreGraphics.framework in Frameworks */,
			);
			runOnlyForDeploymentPostprocessing = 0;
		};
/* End PBXFrameworksBuildPhase section */

/* Begin PBXGroup section */
		1860B43D17C4B85400E7DD02 = {
			isa = PBXGroup;
			children = (
				1860B44F17C4B85400E7DD02 /* TestGestureRecognizer */,
				1860B44817C4B85400E7DD02 /* Frameworks */,
				1860B44717C4B85400E7DD02 /* Products */,
			);
			sourceTree = "<group>";
		};
		1860B44717C4B85400E7DD02 /* Products */ = {
			isa = PBXGroup;
			children = (
				1860B44617C4B85400E7DD02 /* TestGestureRecognizer.app */,
			);
			name = Products;
			sourceTree = "<group>";
		};
		1860B44817C4B85400E7DD02 /* Frameworks */ = {
			isa = PBXGroup;
			children = (
				1860B44917C4B85400E7DD02 /* UIKit.framework */,
				1860B44B17C4B85400E7DD02 /* Foundation.framework */,
				1860B44D17C4B85400E7DD02 /* CoreGraphics.framework */,
			);
			name = Frameworks;
			sourceTree = "<group>";
		};
		1860B44F17C4B85400E7DD02 /* TestGestureRecognizer */ = {
			isa = PBXGroup;
			children = (
				1860B45817C4B85400E7DD02 /* AppDelegate.h */,
				1860B45917C4B85400E7DD02 /* AppDelegate.m */,
				1860B46C17C4B87300E7DD02 /* ViewController.h */,
				1860B46D17C4B87300E7DD02 /* ViewController.m */,
				1860B46417C4B85400E7DD02 /* ViewController.xib */,
				1860B45017C4B85400E7DD02 /* Supporting Files */,
			);
			path = TestGestureRecognizer;
			sourceTree = "<group>";
		};
		1860B45017C4B85400E7DD02 /* Supporting Files */ = {
			isa = PBXGroup;
			children = (
				1860B46F17C4B87C00E7DD02 /* 批阅作业111.png */,
				1860B45117C4B85400E7DD02 /* TestGestureRecognizer-Info.plist */,
				1860B45217C4B85400E7DD02 /* InfoPlist.strings */,
				1860B45517C4B85400E7DD02 /* main.m */,
				1860B45717C4B85400E7DD02 /* TestGestureRecognizer-Prefix.pch */,
				1860B45B17C4B85400E7DD02 /* Default.png */,
				1860B45D17C4B85400E7DD02 /* Default@2x.png */,
				1860B45F17C4B85400E7DD02 /* Default-568h@2x.png */,
			);
			name = "Supporting Files";
			sourceTree = "<group>";
		};
/* End PBXGroup section */

/* Begin PBXNativeTarget section */
		1860B44517C4B85400E7DD02 /* TestGestureRecognizer */ = {
			isa = PBXNativeTarget;
			buildConfigurationList = 1860B46917C4B85400E7DD02 /* Build configuration list for PBXNativeTarget "TestGestureRecognizer" */;
			buildPhases = (
				1860B44217C4B85400E7DD02 /* Sources */,
				1860B44317C4B85400E7DD02 /* Frameworks */,
				1860B44417C4B85400E7DD02 /* Resources */,
			);
			buildRules = (
			);
			dependencies = (
			);
			name = TestGestureRecognizer;
			productName = TestGestureRecognizer;
			productReference = 1860B44617C4B85400E7DD02 /* TestGestureRecognizer.app */;
			productType = "com.apple.product-type.application";
		};
/* End PBXNativeTarget section */

/* Begin PBXProject section */
		1860B43E17C4B85400E7DD02 /* Project object */ = {
			isa = PBXProject;
			attributes = {
				LastUpgradeCheck = 0460;
				ORGANIZATIONNAME = "apple ";
			};
			buildConfigurationList = 1860B44117C4B85400E7DD02 /* Build configuration list for PBXProject "TestGestureRecognizer" */;
			compatibilityVersion = "Xcode 3.2";
			developmentRegion = English;
			hasScannedForEncodings = 0;
			knownRegions = (
				en,
			);
			mainGroup = 1860B43D17C4B85400E7DD02;
			productRefGroup = 1860B44717C4B85400E7DD02 /* Products */;
			projectDirPath = "";
			projectRoot = "";
			targets = (
				1860B44517C4B85400E7DD02 /* TestGestureRecognizer */,
			);
		};
/* End PBXProject section */

/* Begin PBXResourcesBuildPhase section */
		1860B44417C4B85400E7DD02 /* Resources */ = {
			isa = PBXResourcesBuildPhase;
			buildActionMask = 2147483647;
			files = (
				1860B45417C4B85400E7DD02 /* InfoPlist.strings in Resources */,
				1860B45C17C4B85400E7DD02 /* Default.png in Resources */,
				1860B45E17C4B85400E7DD02 /* Default@2x.png in Resources */,
				1860B46017C4B85400E7DD02 /* Default-568h@2x.png in Resources */,
				1860B46617C4B85400E7DD02 /* ViewController.xib in Resources */,
				1860B47017C4B87C00E7DD02 /* 批阅作业111.png in Resources */,
			);
			runOnlyForDeploymentPostprocessing = 0;
		};
/* End PBXResourcesBuildPhase section */

/* Begin PBXSourcesBuildPhase section */
		1860B44217C4B85400E7DD02 /* Sources */ = {
			isa = PBXSourcesBuildPhase;
			buildActionMask = 2147483647;
			files = (
				1860B45617C4B85400E7DD02 /* main.m in Sources */,
				1860B45A17C4B85400E7DD02 /* AppDelegate.m in Sources */,
				1860B46E17C4B87300E7DD02 /* ViewController.m in Sources */,
			);
			runOnlyForDeploymentPostprocessing = 0;
		};
/* End PBXSourcesBuildPhase section */

/* Begin PBXVariantGroup section */
		1860B45217C4B85400E7DD02 /* InfoPlist.strings */ = {
			isa = PBXVariantGroup;
			children = (
				1860B45317C4B85400E7DD02 /* en */,
			);
			name = InfoPlist.strings;
			sourceTree = "<group>";
		};
		1860B46417C4B85400E7DD02 /* ViewController.xib */ = {
			isa = PBXVariantGroup;
			children = (
				1860B46517C4B85400E7DD02 /* en */,
			);
			name = ViewController.xib;
			sourceTree = "<group>";
		};
/* End PBXVariantGroup section */

/* Begin XCBuildConfiguration section */
		1860B46717C4B85400E7DD02 /* Debug */ = {
			isa = XCBuildConfiguration;
			buildSettings = {
				ALWAYS_SEARCH_USER_PATHS = NO;
				CLANG_CXX_LANGUAGE_STANDARD = "gnu++0x";
				CLANG_CXX_LIBRARY = "libc++";
				CLANG_WARN_CONSTANT_CONVERSION = YES;
				CLANG_WARN_EMPTY_BODY = YES;
				CLANG_WARN_ENUM_CONVERSION = YES;
				CLANG_WARN_INT_CONVERSION = YES;
				CLANG_WARN__DUPLICATE_METHOD_MATCH = YES;
				"CODE_SIGN_IDENTITY[sdk=iphoneos*]" = "iPhone Developer";
				COPY_PHASE_STRIP = NO;
				GCC_C_LANGUAGE_STANDARD = gnu99;
				GCC_DYNAMIC_NO_PIC = NO;
				GCC_OPTIMIZATION_LEVEL = 0;
				GCC_PREPROCESSOR_DEFINITIONS = (
					"DEBUG=1",
					"$(inherited)",
				);
				GCC_SYMBOLS_PRIVATE_EXTERN = NO;
				GCC_WARN_ABOUT_RETURN_TYPE = YES;
				GCC_WARN_UNINITIALIZED_AUTOS = YES;
				GCC_WARN_UNUSED_VARIABLE = YES;
				IPHONEOS_DEPLOYMENT_TARGET = 6.1;
				ONLY_ACTIVE_ARCH = YES;
				SDKROOT = iphoneos;
			};
			name = Debug;
		};
		1860B46817C4B85400E7DD02 /* Release */ = {
			isa = XCBuildConfiguration;
			buildSettings = {
				ALWAYS_SEARCH_USER_PATHS = NO;
				CLANG_CXX_LANGUAGE_STANDARD = "gnu++0x";
				CLANG_CXX_LIBRARY = "libc++";
				CLANG_WARN_CONSTANT_CONVERSION = YES;
				CLANG_WARN_EMPTY_BODY = YES;
				CLANG_WARN_ENUM_CONVERSION = YES;
				CLANG_WARN_INT_CONVERSION = YES;
				CLANG_WARN__DUPLICATE_METHOD_MATCH = YES;
				"CODE_SIGN_IDENTITY[sdk=iphoneos*]" = "iPhone Developer";
				COPY_PHASE_STRIP = YES;
				GCC_C_LANGUAGE_STANDARD = gnu99;
				GCC_WARN_ABOUT_RETURN_TYPE = YES;
				GCC_WARN_UNINITIALIZED_AUTOS = YES;
				GCC_WARN_UNUSED_VARIABLE = YES;
				IPHONEOS_DEPLOYMENT_TARGET = 6.1;
				OTHER_CFLAGS = "-DNS_BLOCK_ASSERTIONS=1";
				SDKROOT = iphoneos;
				VALIDATE_PRODUCT = YES;
			};
			name = Release;
		};
		1860B46A17C4B85400E7DD02 /* Debug */ = {
			isa = XCBuildConfiguration;
			buildSettings = {
				CODE_SIGN_IDENTITY = "iPhone Developer: 福 ZHANG (VG39ZKBBTN)";
				"CODE_SIGN_IDENTITY[sdk=iphoneos*]" = "iPhone Developer: 福 ZHANG (VG39ZKBBTN)";
				GCC_PRECOMPILE_PREFIX_HEADER = YES;
				GCC_PREFIX_HEADER = "TestGestureRecognizer/TestGestureRecognizer-Prefix.pch";
				INFOPLIST_FILE = "TestGestureRecognizer/TestGestureRecognizer-Info.plist";
				IPHONEOS_DEPLOYMENT_TARGET = 4.3;
				PRODUCT_NAME = "$(TARGET_NAME)";
				PROVISIONING_PROFILE = "AF594C94-9915-44D6-A0E3-63A96481D752";
				"PROVISIONING_PROFILE[sdk=iphoneos*]" = "AF594C94-9915-44D6-A0E3-63A96481D752";
				TARGETED_DEVICE_FAMILY = 1;
				WRAPPER_EXTENSION = app;
			};
			name = Debug;
		};
		1860B46B17C4B85400E7DD02 /* Release */ = {
			isa = XCBuildConfiguration;
			buildSettings = {
				CODE_SIGN_IDENTITY = "iPhone Developer: 福 ZHANG (VG39ZKBBTN)";
				"CODE_SIGN_IDENTITY[sdk=iphoneos*]" = "iPhone Developer: 福 ZHANG (VG39ZKBBTN)";
				GCC_PRECOMPILE_PREFIX_HEADER = YES;
				GCC_PREFIX_HEADER = "TestGestureRecognizer/TestGestureRecognizer-Prefix.pch";
				INFOPLIST_FILE = "TestGestureRecognizer/TestGestureRecognizer-Info.plist";
				IPHONEOS_DEPLOYMENT_TARGET = 4.3;
				PRODUCT_NAME = "$(TARGET_NAME)";
				PROVISIONING_PROFILE = "AF594C94-9915-44D6-A0E3-63A96481D752";
				"PROVISIONING_PROFILE[sdk=iphoneos*]" = "AF594C94-9915-44D6-A0E3-63A96481D752";
				TARGETED_DEVICE_FAMILY = 1;
				WRAPPER_EXTENSION = app;
			};
			name = Release;
		};
/* End XCBuildConfiguration section */

/* Begin XCConfigurationList section */
		1860B44117C4B85400E7DD02 /* Build configuration list for PBXProject "TestGestureRecognizer" */ = {
			isa = XCConfigurationList;
			buildConfigurations = (
				1860B46717C4B85400E7DD02 /* Debug */,
				1860B46817C4B85400E7DD02 /* Release */,
			);
			defaultConfigurationIsVisible = 0;
			defaultConfigurationName = Release;
		};
		1860B46917C4B85400E7DD02 /* Build configuration list for PBXNativeTarget "TestGestureRecognizer" */ = {
			isa = XCConfigurationList;
			buildConfigurations = (
				1860B46A17C4B85400E7DD02 /* Debug */,
				1860B46B17C4B85400E7DD02 /* Release */,
			);
			defaultConfigurationIsVisible = 0;
			defaultConfigurationName = Release;
		};
/* End XCConfigurationList section */
	};
	rootObject = 1860B43E17C4B85400E7DD02 /* Project object */;
}
